{
  "version": 4,
  "terraform_version": "1.9.3",
  "serial": 263,
  "lineage": "088e93eb-9e9e-7b87-e38f-e9c4bd87386c",
  "outputs": {
    "Cluster-EndPoint": {
      "value": "https://C5A7FB1011F8E6235AECA74DA5B7A7A9.gr7.eu-central-1.eks.amazonaws.com",
      "type": "string"
    },
    "Cluster-Name": {
      "value": "Sprints-Eks",
      "type": "string"
    },
    "Jenkins-IP": {
      "value": "3.70.220.39",
      "type": "string"
    },
    "Node-Group-id": {
      "value": "Sprints-Eks:Workers-node-group",
      "type": "string"
    },
    "cluster_ca_certificate": {
      "value": "LS0tLS1CRUdJTiBDRVJUSUZJQ0FURS0tLS0tCk1JSURCVENDQWUyZ0F3SUJBZ0lJUDhVbXppemxiZDh3RFFZSktvWklodmNOQVFFTEJRQXdGVEVUTUJFR0ExVUUKQXhNS2EzVmlaWEp1WlhSbGN6QWVGdzB5TkRBNE1qQXhOalE0TkRCYUZ3MHpOREE0TVRneE5qVXpOREJhTUJVeApFekFSQmdOVkJBTVRDbXQxWW1WeWJtVjBaWE13Z2dFaU1BMEdDU3FHU0liM0RRRUJBUVVBQTRJQkR3QXdnZ0VLCkFvSUJBUURFU0FEN29HanRQbDlITWRBVTZUNDZRMEtWN2p5azBHclhJT2p3MTc5YSttOWRoYTNGU3lPTXlqTVAKc292SHhpbVN1ZGRKN3VuNWN6ZkNXRUl4Sm1EbVROODBveXNkRjBIS3ZlZ0dMZGhnRkNveWZydy91Y1FZaWtGcgo3cVg1UE5QaURidzQ1bHl6d0JnVUxhZVBYM1hlMjYxTERVZ0Yrb1Jhczlnam5iVkJrcU5uTFdGZi9iQmJrcGxRCjlYUlo0OFV4cUZZTEZrNVJxUjlDMjRJTDc0dTNHNXdkc1phdXpiOWpDTUQ0K1VZN0h3QlcxZW56dm9uRXVob2gKSThCN2FBQXBVWHlJdk10RlkwMENydEZtRFR6SHBsaUZJQ0c0ejFIL0l5VnN4QVNTRS9TNWhKOW51QVkyNDhPWQo0MEJicTZhNlZMb25zUFp2NUFrd1hWZ2tzVW56QWdNQkFBR2pXVEJYTUE0R0ExVWREd0VCL3dRRUF3SUNwREFQCkJnTlZIUk1CQWY4RUJUQURBUUgvTUIwR0ExVWREZ1FXQkJSUHBzZVN0MVlLamZPYkFYcTBQUnp0ZHdUeEp6QVYKQmdOVkhSRUVEakFNZ2dwcmRXSmxjbTVsZEdWek1BMEdDU3FHU0liM0RRRUJDd1VBQTRJQkFRQkdtU1B2ZmpnaApBYXZVUi91TjJaRHprOGl6OTdtKzgwWlVocFFkVkd2M2lTK2MxZ1VQYUxZekdheHNPaVdhSEJPMTl0VHFWU2FyClJFS2cwTHkzTEwrSkpQOHFJVEt3bTBXdXBNQ2taTnUvUkY0eGVMaWNGbEZTeXppSjdvTFBnTzZhanoyWmphUEQKM3ZuSWt5Q0JGTk56TGtweXZiRGZXT3hRSk1nelJWY01BQUVjRDh0U21kd1RLdmlzYVp3Mm9SL2pVNXdUUGJPdApONWtDMG9icWdkWTVUQ1BKODg4VnNrb1BIRGR2QTE1YlIwOFpwZU1kR1d1TVVlQWtHUHoxaGgyWUM4Uk5WZUZECmEzZTRCdHZqMXNrRC9FWXlxUzFkcUtQMW9ZZ1oyN1RMN05zbFZ5M2NQSjFKWlRtRWV2QnVucDRSVFB2K3pDa0IKQWtlYy9SUFZvMldNCi0tLS0tRU5EIENFUlRJRklDQVRFLS0tLS0K",
      "type": "string"
    }
  },
  "resources": [
    {
      "mode": "managed",
      "type": "aws_instance",
      "name": "Jenkins-EC2",
      "provider": "provider[\"registry.terraform.io/hashicorp/aws\"]",
      "instances": [
        {
          "schema_version": 1,
          "attributes": {
            "ami": "ami-0e872aee57663ae2d",
            "arn": "arn:aws:ec2:eu-central-1:137068224841:instance/i-0d3bde78eccd3c6ee",
            "associate_public_ip_address": true,
            "availability_zone": "eu-central-1a",
            "capacity_reservation_specification": [
              {
                "capacity_reservation_preference": "open",
                "capacity_reservation_target": []
              }
            ],
            "cpu_core_count": 1,
            "cpu_options": [
              {
                "amd_sev_snp": "",
                "core_count": 1,
                "threads_per_core": 2
              }
            ],
            "cpu_threads_per_core": 2,
            "credit_specification": [
              {
                "cpu_credits": "unlimited"
              }
            ],
            "disable_api_stop": false,
            "disable_api_termination": false,
            "ebs_block_device": [],
            "ebs_optimized": false,
            "enclave_options": [
              {
                "enabled": false
              }
            ],
            "ephemeral_block_device": [],
            "get_password_data": false,
            "hibernation": false,
            "host_id": "",
            "host_resource_group_arn": null,
            "iam_instance_profile": "",
            "id": "i-0d3bde78eccd3c6ee",
            "instance_initiated_shutdown_behavior": "stop",
            "instance_state": "running",
            "instance_type": "t3.micro",
            "ipv6_address_count": 0,
            "ipv6_addresses": [],
            "key_name": "AWS-Access",
            "launch_template": [],
            "maintenance_options": [
              {
                "auto_recovery": "default"
              }
            ],
            "metadata_options": [
              {
                "http_endpoint": "enabled",
                "http_put_response_hop_limit": 2,
                "http_tokens": "required",
                "instance_metadata_tags": "disabled"
              }
            ],
            "monitoring": false,
            "network_interface": [],
            "outpost_arn": "",
            "password_data": "",
            "placement_group": "",
            "placement_partition_number": 0,
            "primary_network_interface_id": "eni-0716915988be0619c",
            "private_dns": "ip-10-0-1-125.eu-central-1.compute.internal",
            "private_dns_name_options": [
              {
                "enable_resource_name_dns_a_record": false,
                "enable_resource_name_dns_aaaa_record": false,
                "hostname_type": "ip-name"
              }
            ],
            "private_ip": "10.0.1.125",
            "public_dns": "ec2-3-70-220-39.eu-central-1.compute.amazonaws.com",
            "public_ip": "3.70.220.39",
            "root_block_device": [
              {
                "delete_on_termination": true,
                "device_name": "/dev/sda1",
                "encrypted": false,
                "iops": 3000,
                "kms_key_id": "",
                "tags": {},
                "throughput": 125,
                "volume_id": "vol-011cab7ea63e35f36",
                "volume_size": 8,
                "volume_type": "gp3"
              }
            ],
            "secondary_private_ips": [],
            "security_groups": [
              "sg-0993ac8422bb19fa9"
            ],
            "source_dest_check": true,
            "subnet_id": "subnet-02c3e0342994ae750",
            "tags": {
              "Name": "Jenkins"
            },
            "tags_all": {
              "Name": "Jenkins"
            },
            "tenancy": "default",
            "timeouts": null,
            "user_data": null,
            "user_data_base64": null,
            "user_data_replace_on_change": false,
            "volume_tags": null,
            "vpc_security_group_ids": [
              "sg-0993ac8422bb19fa9"
            ]
          },
          "sensitive_attributes": [],
          "private": "eyJlMmJmYjczMC1lY2FhLTExZTYtOGY4OC0zNDM2M2JjN2M0YzAiOnsiY3JlYXRlIjo2MDAwMDAwMDAwMDAsImRlbGV0ZSI6MTIwMDAwMDAwMDAwMCwidXBkYXRlIjo2MDAwMDAwMDAwMDB9LCJzY2hlbWFfdmVyc2lvbiI6IjEifQ==",
          "dependencies": [
            "module.vpc.aws_security_group.Sprints_SG",
            "module.vpc.aws_subnet.publica",
            "module.vpc.aws_vpc.Sprints_vpc"
          ]
        }
      ]
    },
    {
      "mode": "managed",
      "type": "aws_key_pair",
      "name": "my_keypair",
      "provider": "provider[\"registry.terraform.io/hashicorp/aws\"]",
      "instances": [
        {
          "schema_version": 1,
          "attributes": {
            "arn": "arn:aws:ec2:eu-central-1:137068224841:key-pair/AWS-Access",
            "fingerprint": "63:57:fd:52:e9:cd:2c:22:2d:e8:c0:2c:47:44:b1:64",
            "id": "AWS-Access",
            "key_name": "AWS-Access",
            "key_name_prefix": "",
            "key_pair_id": "key-060335cc999e60ce1",
            "key_type": "rsa",
            "public_key": "ssh-rsa AAAAB3NzaC1yc2EAAAADAQABAAACAQCQvGDMVlKjrAbo0p4jJUuW7B3GB/cZTU80xO9W05OVug4C/Ig/YPbkGQHcqxOEyNKrkGVBC2c6WCEGPUhJTeqT6SCxmcGMP21dvqquWIB6CHpUKjxWh0I73uMUYcec6E7R6j8KJaD6V7eYHmmi9oJ5JUAYGq6AAbfxngZyS1QoIyfLb05y8hVfESdej1Xu46xgcB1VmBkbKr9ieAc5S9sO1N3Ls4dSUnMRV0YaRJau6uxrYaShmxoI6+nm/yEmW8nUmRza22L+6iZYj6yIMKwYLPyww50lxO4PsTrt2SQq7QWwXpweU200ZBmtdTQd6wawHarzCrRA5uXBqcbLKFkmDoJhLVG69tYHCHjAUO1QncEUvW0a//FzbkwpWVhDzBvGDmNK53mNY+Mv0BpFIE35p3E3sWsnJeHTt7zCyf7wfUSR1YnFLmYLK7GHQ9h2xEx+4hzsSpWl3kNBCUegMdOgkDqjx5cAk+UEsF3i41JIXJUEoyCrSqvqeWluKGCeEO6oPjYqIs6vcN40IzsA5/OpSqM5RXHW/GrxCVBMZN+9yPpfrRheap6V+R83jcQiJk79Q0ZSqENXKcCjWwrOdlnge7DaxPmfr3b9zGp52PcomeGharMnjemPaUuCwPsi5ClZeLPed8LmRf0srxjvh9m90woutObPUUYKfZ8YoipIfQ== your_email@example.com",
            "tags": {},
            "tags_all": {}
          },
          "sensitive_attributes": [],
          "private": "eyJzY2hlbWFfdmVyc2lvbiI6IjEifQ=="
        }
      ]
    },
    {
      "module": "module.Eks",
      "mode": "managed",
      "type": "aws_eks_cluster",
      "name": "Sprints-Eks",
      "provider": "provider[\"registry.terraform.io/hashicorp/aws\"]",
      "instances": [
        {
          "schema_version": 0,
          "attributes": {
            "arn": "arn:aws:eks:eu-central-1:137068224841:cluster/Sprints-Eks",
            "certificate_authority": [
              {
                "data": "LS0tLS1CRUdJTiBDRVJUSUZJQ0FURS0tLS0tCk1JSURCVENDQWUyZ0F3SUJBZ0lJUDhVbXppemxiZDh3RFFZSktvWklodmNOQVFFTEJRQXdGVEVUTUJFR0ExVUUKQXhNS2EzVmlaWEp1WlhSbGN6QWVGdzB5TkRBNE1qQXhOalE0TkRCYUZ3MHpOREE0TVRneE5qVXpOREJhTUJVeApFekFSQmdOVkJBTVRDbXQxWW1WeWJtVjBaWE13Z2dFaU1BMEdDU3FHU0liM0RRRUJBUVVBQTRJQkR3QXdnZ0VLCkFvSUJBUURFU0FEN29HanRQbDlITWRBVTZUNDZRMEtWN2p5azBHclhJT2p3MTc5YSttOWRoYTNGU3lPTXlqTVAKc292SHhpbVN1ZGRKN3VuNWN6ZkNXRUl4Sm1EbVROODBveXNkRjBIS3ZlZ0dMZGhnRkNveWZydy91Y1FZaWtGcgo3cVg1UE5QaURidzQ1bHl6d0JnVUxhZVBYM1hlMjYxTERVZ0Yrb1Jhczlnam5iVkJrcU5uTFdGZi9iQmJrcGxRCjlYUlo0OFV4cUZZTEZrNVJxUjlDMjRJTDc0dTNHNXdkc1phdXpiOWpDTUQ0K1VZN0h3QlcxZW56dm9uRXVob2gKSThCN2FBQXBVWHlJdk10RlkwMENydEZtRFR6SHBsaUZJQ0c0ejFIL0l5VnN4QVNTRS9TNWhKOW51QVkyNDhPWQo0MEJicTZhNlZMb25zUFp2NUFrd1hWZ2tzVW56QWdNQkFBR2pXVEJYTUE0R0ExVWREd0VCL3dRRUF3SUNwREFQCkJnTlZIUk1CQWY4RUJUQURBUUgvTUIwR0ExVWREZ1FXQkJSUHBzZVN0MVlLamZPYkFYcTBQUnp0ZHdUeEp6QVYKQmdOVkhSRUVEakFNZ2dwcmRXSmxjbTVsZEdWek1BMEdDU3FHU0liM0RRRUJDd1VBQTRJQkFRQkdtU1B2ZmpnaApBYXZVUi91TjJaRHprOGl6OTdtKzgwWlVocFFkVkd2M2lTK2MxZ1VQYUxZekdheHNPaVdhSEJPMTl0VHFWU2FyClJFS2cwTHkzTEwrSkpQOHFJVEt3bTBXdXBNQ2taTnUvUkY0eGVMaWNGbEZTeXppSjdvTFBnTzZhanoyWmphUEQKM3ZuSWt5Q0JGTk56TGtweXZiRGZXT3hRSk1nelJWY01BQUVjRDh0U21kd1RLdmlzYVp3Mm9SL2pVNXdUUGJPdApONWtDMG9icWdkWTVUQ1BKODg4VnNrb1BIRGR2QTE1YlIwOFpwZU1kR1d1TVVlQWtHUHoxaGgyWUM4Uk5WZUZECmEzZTRCdHZqMXNrRC9FWXlxUzFkcUtQMW9ZZ1oyN1RMN05zbFZ5M2NQSjFKWlRtRWV2QnVucDRSVFB2K3pDa0IKQWtlYy9SUFZvMldNCi0tLS0tRU5EIENFUlRJRklDQVRFLS0tLS0K"
              }
            ],
            "cluster_id": null,
            "created_at": "2024-08-20 16:49:01.809 +0000 UTC",
            "enabled_cluster_log_types": [],
            "encryption_config": [],
            "endpoint": "https://C5A7FB1011F8E6235AECA74DA5B7A7A9.gr7.eu-central-1.eks.amazonaws.com",
            "id": "Sprints-Eks",
            "identity": [
              {
                "oidc": [
                  {
                    "issuer": "https://oidc.eks.eu-central-1.amazonaws.com/id/C5A7FB1011F8E6235AECA74DA5B7A7A9"
                  }
                ]
              }
            ],
            "kubernetes_network_config": [
              {
                "ip_family": "ipv4",
                "service_ipv4_cidr": "172.20.0.0/16",
                "service_ipv6_cidr": ""
              }
            ],
            "name": "Sprints-Eks",
            "outpost_config": [],
            "platform_version": "eks.6",
            "role_arn": "arn:aws:iam::137068224841:role/Cluster-Manager",
            "status": "ACTIVE",
            "tags": {},
            "tags_all": {},
            "timeouts": null,
            "version": "1.30",
            "vpc_config": [
              {
                "cluster_security_group_id": "sg-0c672e9f93d9903e0",
                "endpoint_private_access": false,
                "endpoint_public_access": true,
                "public_access_cidrs": [
                  "0.0.0.0/0"
                ],
                "security_group_ids": [],
                "subnet_ids": [
                  "subnet-0056c19448b8717a3",
                  "subnet-02c3e0342994ae750"
                ],
                "vpc_id": "vpc-0a03f6f4fbc881b45"
              }
            ]
          },
          "sensitive_attributes": [],
          "private": "eyJlMmJmYjczMC1lY2FhLTExZTYtOGY4OC0zNDM2M2JjN2M0YzAiOnsiY3JlYXRlIjoxODAwMDAwMDAwMDAwLCJkZWxldGUiOjkwMDAwMDAwMDAwMCwidXBkYXRlIjozNjAwMDAwMDAwMDAwfX0=",
          "dependencies": [
            "module.Eks.aws_iam_role.Cluster-Manager",
            "module.Eks.aws_iam_role_policy_attachment.AmazonEKSClusterPolicy",
            "module.vpc.aws_subnet.private_subnet",
            "module.vpc.aws_subnet.publica",
            "module.vpc.aws_vpc.Sprints_vpc"
          ]
        }
      ]
    },
    {
      "module": "module.Eks",
      "mode": "managed",
      "type": "aws_eks_node_group",
      "name": "Workers",
      "provider": "provider[\"registry.terraform.io/hashicorp/aws\"]",
      "instances": [
        {
          "schema_version": 0,
          "attributes": {
            "ami_type": "AL2_x86_64",
            "arn": "arn:aws:eks:eu-central-1:137068224841:nodegroup/Sprints-Eks/Workers-node-group/08c8b85b-f11d-7b8e-87e3-f7ed3b8c46c6",
            "capacity_type": "ON_DEMAND",
            "cluster_name": "Sprints-Eks",
            "disk_size": 20,
            "force_update_version": null,
            "id": "Sprints-Eks:Workers-node-group",
            "instance_types": [
              "t3.small"
            ],
            "labels": {},
            "launch_template": [],
            "node_group_name": "Workers-node-group",
            "node_group_name_prefix": "",
            "node_role_arn": "arn:aws:iam::137068224841:role/Worker",
            "release_version": "1.30.2-20240807",
            "remote_access": [
              {
                "ec2_ssh_key": "AWS-Access",
                "source_security_group_ids": [
                  "sg-0993ac8422bb19fa9"
                ]
              }
            ],
            "resources": [
              {
                "autoscaling_groups": [
                  {
                    "name": "eks-Workers-node-group-08c8b85b-f11d-7b8e-87e3-f7ed3b8c46c6"
                  }
                ],
                "remote_access_security_group_id": "sg-03ced4063fcd615b2"
              }
            ],
            "scaling_config": [
              {
                "desired_size": 2,
                "max_size": 3,
                "min_size": 1
              }
            ],
            "status": "ACTIVE",
            "subnet_ids": [
              "subnet-02c3e0342994ae750"
            ],
            "tags": {},
            "tags_all": {},
            "taint": [],
            "timeouts": null,
            "update_config": [
              {
                "max_unavailable": 1,
                "max_unavailable_percentage": 0
              }
            ],
            "version": "1.30"
          },
          "sensitive_attributes": [],
          "private": "eyJlMmJmYjczMC1lY2FhLTExZTYtOGY4OC0zNDM2M2JjN2M0YzAiOnsiY3JlYXRlIjozNjAwMDAwMDAwMDAwLCJkZWxldGUiOjM2MDAwMDAwMDAwMDAsInVwZGF0ZSI6MzYwMDAwMDAwMDAwMH19",
          "dependencies": [
            "module.Eks.aws_eks_cluster.Sprints-Eks",
            "module.Eks.aws_iam_role.Cluster-Manager",
            "module.Eks.aws_iam_role.worker",
            "module.Eks.aws_iam_role_policy_attachment.AmazonEC2ContainerRegistryReadOnly",
            "module.Eks.aws_iam_role_policy_attachment.AmazonEKSClusterPolicy",
            "module.Eks.aws_iam_role_policy_attachment.AmazonEKSWorkerNodePolicy",
            "module.Eks.aws_iam_role_policy_attachment.AmazonEKS_CNI_Policy",
            "module.vpc.aws_security_group.Sprints_SG",
            "module.vpc.aws_subnet.private_subnet",
            "module.vpc.aws_subnet.publica",
            "module.vpc.aws_vpc.Sprints_vpc"
          ]
        }
      ]
    },
    {
      "module": "module.Eks",
      "mode": "managed",
      "type": "aws_iam_role",
      "name": "Cluster-Manager",
      "provider": "provider[\"registry.terraform.io/hashicorp/aws\"]",
      "instances": [
        {
          "schema_version": 0,
          "attributes": {
            "arn": "arn:aws:iam::137068224841:role/Cluster-Manager",
            "assume_role_policy": "{\"Statement\":[{\"Action\":\"sts:AssumeRole\",\"Effect\":\"Allow\",\"Principal\":{\"Service\":\"eks.amazonaws.com\"}}],\"Version\":\"2012-10-17\"}",
            "create_date": "2024-08-20T16:48:36Z",
            "description": "",
            "force_detach_policies": false,
            "id": "Cluster-Manager",
            "inline_policy": [],
            "managed_policy_arns": [
              "arn:aws:iam::aws:policy/AmazonEKSClusterPolicy"
            ],
            "max_session_duration": 3600,
            "name": "Cluster-Manager",
            "name_prefix": "",
            "path": "/",
            "permissions_boundary": null,
            "role_last_used": [
              {
                "last_used_date": "",
                "region": ""
              }
            ],
            "tags": {},
            "tags_all": {},
            "unique_id": "AROAR72PHEFEWUONAOD24"
          },
          "sensitive_attributes": [],
          "private": "bnVsbA=="
        }
      ]
    },
    {
      "module": "module.Eks",
      "mode": "managed",
      "type": "aws_iam_role",
      "name": "worker",
      "provider": "provider[\"registry.terraform.io/hashicorp/aws\"]",
      "instances": [
        {
          "schema_version": 0,
          "attributes": {
            "arn": "arn:aws:iam::137068224841:role/Worker",
            "assume_role_policy": "{\"Statement\":[{\"Action\":\"sts:AssumeRole\",\"Effect\":\"Allow\",\"Principal\":{\"Service\":\"ec2.amazonaws.com\"}}],\"Version\":\"2012-10-17\"}",
            "create_date": "2024-08-20T16:48:36Z",
            "description": "",
            "force_detach_policies": false,
            "id": "Worker",
            "inline_policy": [],
            "managed_policy_arns": [
              "arn:aws:iam::aws:policy/AmazonEC2ContainerRegistryReadOnly",
              "arn:aws:iam::aws:policy/AmazonEC2ReadOnlyAccess",
              "arn:aws:iam::aws:policy/AmazonEKSWorkerNodePolicy",
              "arn:aws:iam::aws:policy/AmazonEKS_CNI_Policy",
              "arn:aws:iam::aws:policy/CloudWatchAgentServerPolicy",
              "arn:aws:iam::aws:policy/CloudWatchFullAccess"
            ],
            "max_session_duration": 3600,
            "name": "Worker",
            "name_prefix": "",
            "path": "/",
            "permissions_boundary": null,
            "role_last_used": [
              {
                "last_used_date": "",
                "region": ""
              }
            ],
            "tags": {},
            "tags_all": {},
            "unique_id": "AROAR72PHEFEUQV2G6ZKJ"
          },
          "sensitive_attributes": [],
          "private": "bnVsbA=="
        }
      ]
    },
    {
      "module": "module.Eks",
      "mode": "managed",
      "type": "aws_iam_role_policy_attachment",
      "name": "AmazonEC2ContainerRegistryReadOnly",
      "provider": "provider[\"registry.terraform.io/hashicorp/aws\"]",
      "instances": [
        {
          "schema_version": 0,
          "attributes": {
            "id": "Worker-20240820164838938100000004",
            "policy_arn": "arn:aws:iam::aws:policy/AmazonEC2ContainerRegistryReadOnly",
            "role": "Worker"
          },
          "sensitive_attributes": [],
          "private": "bnVsbA==",
          "dependencies": [
            "module.Eks.aws_iam_role.worker"
          ]
        }
      ]
    },
    {
      "module": "module.Eks",
      "mode": "managed",
      "type": "aws_iam_role_policy_attachment",
      "name": "AmazonEC2ReadOnlyAccess",
      "provider": "provider[\"registry.terraform.io/hashicorp/aws\"]",
      "instances": [
        {
          "schema_version": 0,
          "attributes": {
            "id": "Worker-20240820164839205900000007",
            "policy_arn": "arn:aws:iam::aws:policy/AmazonEC2ReadOnlyAccess",
            "role": "Worker"
          },
          "sensitive_attributes": [],
          "private": "bnVsbA==",
          "dependencies": [
            "module.Eks.aws_iam_role.worker"
          ]
        }
      ]
    },
    {
      "module": "module.Eks",
      "mode": "managed",
      "type": "aws_iam_role_policy_attachment",
      "name": "AmazonEKSClusterPolicy",
      "provider": "provider[\"registry.terraform.io/hashicorp/aws\"]",
      "instances": [
        {
          "schema_version": 0,
          "attributes": {
            "id": "Cluster-Manager-20240820164838628300000001",
            "policy_arn": "arn:aws:iam::aws:policy/AmazonEKSClusterPolicy",
            "role": "Cluster-Manager"
          },
          "sensitive_attributes": [],
          "private": "bnVsbA==",
          "dependencies": [
            "module.Eks.aws_iam_role.Cluster-Manager"
          ]
        }
      ]
    },
    {
      "module": "module.Eks",
      "mode": "managed",
      "type": "aws_iam_role_policy_attachment",
      "name": "AmazonEKSWorkerNodePolicy",
      "provider": "provider[\"registry.terraform.io/hashicorp/aws\"]",
      "instances": [
        {
          "schema_version": 0,
          "attributes": {
            "id": "Worker-20240820164839141800000006",
            "policy_arn": "arn:aws:iam::aws:policy/AmazonEKSWorkerNodePolicy",
            "role": "Worker"
          },
          "sensitive_attributes": [],
          "private": "bnVsbA==",
          "dependencies": [
            "module.Eks.aws_iam_role.worker"
          ]
        }
      ]
    },
    {
      "module": "module.Eks",
      "mode": "managed",
      "type": "aws_iam_role_policy_attachment",
      "name": "AmazonEKS_CNI_Policy",
      "provider": "provider[\"registry.terraform.io/hashicorp/aws\"]",
      "instances": [
        {
          "schema_version": 0,
          "attributes": {
            "id": "Worker-20240820164838844600000003",
            "policy_arn": "arn:aws:iam::aws:policy/AmazonEKS_CNI_Policy",
            "role": "Worker"
          },
          "sensitive_attributes": [],
          "private": "bnVsbA==",
          "dependencies": [
            "module.Eks.aws_iam_role.worker"
          ]
        }
      ]
    },
    {
      "module": "module.Eks",
      "mode": "managed",
      "type": "aws_iam_role_policy_attachment",
      "name": "CloudWatchAgentServerPolicy",
      "provider": "provider[\"registry.terraform.io/hashicorp/aws\"]",
      "instances": [
        {
          "schema_version": 0,
          "attributes": {
            "id": "Worker-20240820164839060900000005",
            "policy_arn": "arn:aws:iam::aws:policy/CloudWatchAgentServerPolicy",
            "role": "Worker"
          },
          "sensitive_attributes": [],
          "private": "bnVsbA==",
          "dependencies": [
            "module.Eks.aws_iam_role.worker"
          ]
        }
      ]
    },
    {
      "module": "module.Eks",
      "mode": "managed",
      "type": "aws_iam_role_policy_attachment",
      "name": "CloudWatchFullAccess",
      "provider": "provider[\"registry.terraform.io/hashicorp/aws\"]",
      "instances": [
        {
          "schema_version": 0,
          "attributes": {
            "id": "Worker-20240820164838739200000002",
            "policy_arn": "arn:aws:iam::aws:policy/CloudWatchFullAccess",
            "role": "Worker"
          },
          "sensitive_attributes": [],
          "private": "bnVsbA==",
          "dependencies": [
            "module.Eks.aws_iam_role.worker"
          ]
        }
      ]
    },
    {
      "module": "module.vpc",
      "mode": "managed",
      "type": "aws_internet_gateway",
      "name": "S_GW",
      "provider": "provider[\"registry.terraform.io/hashicorp/aws\"]",
      "instances": [
        {
          "schema_version": 0,
          "attributes": {
            "arn": "arn:aws:ec2:eu-central-1:137068224841:internet-gateway/igw-09cbf905df22ee63c",
            "id": "igw-09cbf905df22ee63c",
            "owner_id": "137068224841",
            "tags": {
              "Name": "Sprints_igw"
            },
            "tags_all": {
              "Name": "Sprints_igw"
            },
            "timeouts": null,
            "vpc_id": "vpc-0a03f6f4fbc881b45"
          },
          "sensitive_attributes": [],
          "private": "eyJlMmJmYjczMC1lY2FhLTExZTYtOGY4OC0zNDM2M2JjN2M0YzAiOnsiY3JlYXRlIjoxMjAwMDAwMDAwMDAwLCJkZWxldGUiOjEyMDAwMDAwMDAwMDAsInVwZGF0ZSI6MTIwMDAwMDAwMDAwMH19",
          "dependencies": [
            "module.vpc.aws_vpc.Sprints_vpc"
          ]
        }
      ]
    },
    {
      "module": "module.vpc",
      "mode": "managed",
      "type": "aws_route_table",
      "name": "public_route_table",
      "provider": "provider[\"registry.terraform.io/hashicorp/aws\"]",
      "instances": [
        {
          "schema_version": 0,
          "attributes": {
            "arn": "arn:aws:ec2:eu-central-1:137068224841:route-table/rtb-07bbf2a4f3ec52855",
            "id": "rtb-07bbf2a4f3ec52855",
            "owner_id": "137068224841",
            "propagating_vgws": [],
            "route": [
              {
                "carrier_gateway_id": "",
                "cidr_block": "0.0.0.0/0",
                "core_network_arn": "",
                "destination_prefix_list_id": "",
                "egress_only_gateway_id": "",
                "gateway_id": "igw-09cbf905df22ee63c",
                "instance_id": "",
                "ipv6_cidr_block": "",
                "local_gateway_id": "",
                "nat_gateway_id": "",
                "network_interface_id": "",
                "transit_gateway_id": "",
                "vpc_endpoint_id": "",
                "vpc_peering_connection_id": ""
              }
            ],
            "tags": {
              "Name": "Traffic-Route"
            },
            "tags_all": {
              "Name": "Traffic-Route"
            },
            "timeouts": null,
            "vpc_id": "vpc-0a03f6f4fbc881b45"
          },
          "sensitive_attributes": [],
          "private": "eyJlMmJmYjczMC1lY2FhLTExZTYtOGY4OC0zNDM2M2JjN2M0YzAiOnsiY3JlYXRlIjozMDAwMDAwMDAwMDAsImRlbGV0ZSI6MzAwMDAwMDAwMDAwLCJ1cGRhdGUiOjEyMDAwMDAwMDAwMH19",
          "dependencies": [
            "module.vpc.aws_internet_gateway.S_GW",
            "module.vpc.aws_vpc.Sprints_vpc"
          ]
        }
      ]
    },
    {
      "module": "module.vpc",
      "mode": "managed",
      "type": "aws_route_table_association",
      "name": "Traffic-Route",
      "provider": "provider[\"registry.terraform.io/hashicorp/aws\"]",
      "instances": [
        {
          "schema_version": 0,
          "attributes": {
            "gateway_id": "",
            "id": "rtbassoc-0d81e13fe1c79902d",
            "route_table_id": "rtb-07bbf2a4f3ec52855",
            "subnet_id": "subnet-02c3e0342994ae750",
            "timeouts": null
          },
          "sensitive_attributes": [],
          "private": "eyJlMmJmYjczMC1lY2FhLTExZTYtOGY4OC0zNDM2M2JjN2M0YzAiOnsiY3JlYXRlIjozMDAwMDAwMDAwMDAsImRlbGV0ZSI6MzAwMDAwMDAwMDAwLCJ1cGRhdGUiOjEyMDAwMDAwMDAwMH19",
          "dependencies": [
            "module.vpc.aws_internet_gateway.S_GW",
            "module.vpc.aws_route_table.public_route_table",
            "module.vpc.aws_subnet.publica",
            "module.vpc.aws_vpc.Sprints_vpc"
          ]
        }
      ]
    },
    {
      "module": "module.vpc",
      "mode": "managed",
      "type": "aws_security_group",
      "name": "Sprints_SG",
      "provider": "provider[\"registry.terraform.io/hashicorp/aws\"]",
      "instances": [
        {
          "schema_version": 1,
          "attributes": {
            "arn": "arn:aws:ec2:eu-central-1:137068224841:security-group/sg-0993ac8422bb19fa9",
            "description": "Allow TLS inbound traffic",
            "egress": [
              {
                "cidr_blocks": [
                  "0.0.0.0/0"
                ],
                "description": "",
                "from_port": 0,
                "ipv6_cidr_blocks": [],
                "prefix_list_ids": [],
                "protocol": "-1",
                "security_groups": [],
                "self": false,
                "to_port": 0
              },
              {
                "cidr_blocks": [
                  "0.0.0.0/0"
                ],
                "description": "Allow all outbound traffic",
                "from_port": 0,
                "ipv6_cidr_blocks": [],
                "prefix_list_ids": [],
                "protocol": "tcp",
                "security_groups": [],
                "self": false,
                "to_port": 0
              }
            ],
            "id": "sg-0993ac8422bb19fa9",
            "ingress": [
              {
                "cidr_blocks": [
                  "0.0.0.0/0"
                ],
                "description": "Allow all inbound traffic",
                "from_port": 0,
                "ipv6_cidr_blocks": [],
                "prefix_list_ids": [],
                "protocol": "tcp",
                "security_groups": [],
                "self": false,
                "to_port": 0
              },
              {
                "cidr_blocks": [
                  "0.0.0.0/0"
                ],
                "description": "Jenkins Access",
                "from_port": 8080,
                "ipv6_cidr_blocks": [],
                "prefix_list_ids": [],
                "protocol": "tcp",
                "security_groups": [],
                "self": false,
                "to_port": 8080
              },
              {
                "cidr_blocks": [
                  "0.0.0.0/0"
                ],
                "description": "Nexus-Access",
                "from_port": 8081,
                "ipv6_cidr_blocks": [],
                "prefix_list_ids": [],
                "protocol": "tcp",
                "security_groups": [],
                "self": false,
                "to_port": 8081
              },
              {
                "cidr_blocks": [
                  "0.0.0.0/0"
                ],
                "description": "SSH connections",
                "from_port": 22,
                "ipv6_cidr_blocks": [],
                "prefix_list_ids": [],
                "protocol": "tcp",
                "security_groups": [],
                "self": false,
                "to_port": 22
              }
            ],
            "name": "Sprints-SG",
            "name_prefix": "",
            "owner_id": "137068224841",
            "revoke_rules_on_delete": false,
            "tags": {},
            "tags_all": {},
            "timeouts": null,
            "vpc_id": "vpc-0a03f6f4fbc881b45"
          },
          "sensitive_attributes": [],
          "private": "eyJlMmJmYjczMC1lY2FhLTExZTYtOGY4OC0zNDM2M2JjN2M0YzAiOnsiY3JlYXRlIjo2MDAwMDAwMDAwMDAsImRlbGV0ZSI6OTAwMDAwMDAwMDAwfSwic2NoZW1hX3ZlcnNpb24iOiIxIn0=",
          "dependencies": [
            "module.vpc.aws_vpc.Sprints_vpc"
          ]
        }
      ]
    },
    {
      "module": "module.vpc",
      "mode": "managed",
      "type": "aws_subnet",
      "name": "private_subnet",
      "provider": "provider[\"registry.terraform.io/hashicorp/aws\"]",
      "instances": [
        {
          "schema_version": 1,
          "attributes": {
            "arn": "arn:aws:ec2:eu-central-1:137068224841:subnet/subnet-0056c19448b8717a3",
            "assign_ipv6_address_on_creation": false,
            "availability_zone": "eu-central-1c",
            "availability_zone_id": "euc1-az1",
            "cidr_block": "10.0.2.0/24",
            "customer_owned_ipv4_pool": "",
            "enable_dns64": false,
            "enable_lni_at_device_index": 0,
            "enable_resource_name_dns_a_record_on_launch": false,
            "enable_resource_name_dns_aaaa_record_on_launch": false,
            "id": "subnet-0056c19448b8717a3",
            "ipv6_cidr_block": "",
            "ipv6_cidr_block_association_id": "",
            "ipv6_native": false,
            "map_customer_owned_ip_on_launch": false,
            "map_public_ip_on_launch": false,
            "outpost_arn": "",
            "owner_id": "137068224841",
            "private_dns_hostname_type_on_launch": "ip-name",
            "tags": {
              "Name": "private_subnet"
            },
            "tags_all": {
              "Name": "private_subnet"
            },
            "timeouts": null,
            "vpc_id": "vpc-0a03f6f4fbc881b45"
          },
          "sensitive_attributes": [],
          "private": "eyJlMmJmYjczMC1lY2FhLTExZTYtOGY4OC0zNDM2M2JjN2M0YzAiOnsiY3JlYXRlIjo2MDAwMDAwMDAwMDAsImRlbGV0ZSI6MTIwMDAwMDAwMDAwMH0sInNjaGVtYV92ZXJzaW9uIjoiMSJ9",
          "dependencies": [
            "module.vpc.aws_vpc.Sprints_vpc"
          ]
        }
      ]
    },
    {
      "module": "module.vpc",
      "mode": "managed",
      "type": "aws_subnet",
      "name": "publica",
      "provider": "provider[\"registry.terraform.io/hashicorp/aws\"]",
      "instances": [
        {
          "schema_version": 1,
          "attributes": {
            "arn": "arn:aws:ec2:eu-central-1:137068224841:subnet/subnet-02c3e0342994ae750",
            "assign_ipv6_address_on_creation": false,
            "availability_zone": "eu-central-1a",
            "availability_zone_id": "euc1-az2",
            "cidr_block": "10.0.1.0/24",
            "customer_owned_ipv4_pool": "",
            "enable_dns64": false,
            "enable_lni_at_device_index": 0,
            "enable_resource_name_dns_a_record_on_launch": false,
            "enable_resource_name_dns_aaaa_record_on_launch": false,
            "id": "subnet-02c3e0342994ae750",
            "ipv6_cidr_block": "",
            "ipv6_cidr_block_association_id": "",
            "ipv6_native": false,
            "map_customer_owned_ip_on_launch": false,
            "map_public_ip_on_launch": true,
            "outpost_arn": "",
            "owner_id": "137068224841",
            "private_dns_hostname_type_on_launch": "ip-name",
            "tags": {
              "Name": "public_subnet"
            },
            "tags_all": {
              "Name": "public_subnet"
            },
            "timeouts": null,
            "vpc_id": "vpc-0a03f6f4fbc881b45"
          },
          "sensitive_attributes": [],
          "private": "eyJlMmJmYjczMC1lY2FhLTExZTYtOGY4OC0zNDM2M2JjN2M0YzAiOnsiY3JlYXRlIjo2MDAwMDAwMDAwMDAsImRlbGV0ZSI6MTIwMDAwMDAwMDAwMH0sInNjaGVtYV92ZXJzaW9uIjoiMSJ9",
          "dependencies": [
            "module.vpc.aws_vpc.Sprints_vpc"
          ]
        }
      ]
    },
    {
      "module": "module.vpc",
      "mode": "managed",
      "type": "aws_vpc",
      "name": "Sprints_vpc",
      "provider": "provider[\"registry.terraform.io/hashicorp/aws\"]",
      "instances": [
        {
          "schema_version": 1,
          "attributes": {
            "arn": "arn:aws:ec2:eu-central-1:137068224841:vpc/vpc-0a03f6f4fbc881b45",
            "assign_generated_ipv6_cidr_block": false,
            "cidr_block": "10.0.0.0/16",
            "default_network_acl_id": "acl-05cd2f9e6538f914c",
            "default_route_table_id": "rtb-03b76c8c209b9ad90",
            "default_security_group_id": "sg-0f21c7f02ff2986f0",
            "dhcp_options_id": "dopt-01f58c2cd5dd82f55",
            "enable_classiclink": false,
            "enable_classiclink_dns_support": false,
            "enable_dns_hostnames": true,
            "enable_dns_support": true,
            "enable_network_address_usage_metrics": false,
            "id": "vpc-0a03f6f4fbc881b45",
            "instance_tenancy": "default",
            "ipv4_ipam_pool_id": null,
            "ipv4_netmask_length": null,
            "ipv6_association_id": "",
            "ipv6_cidr_block": "",
            "ipv6_cidr_block_network_border_group": "",
            "ipv6_ipam_pool_id": "",
            "ipv6_netmask_length": 0,
            "main_route_table_id": "rtb-03b76c8c209b9ad90",
            "owner_id": "137068224841",
            "tags": {
              "Name": "Sprints_vpc"
            },
            "tags_all": {
              "Name": "Sprints_vpc"
            }
          },
          "sensitive_attributes": [],
          "private": "eyJzY2hlbWFfdmVyc2lvbiI6IjEifQ=="
        }
      ]
    }
  ],
  "check_results": null
}
